<?xml version="1.0" encoding="utf-8"?>
<Project ToolsVersion="4.0" xmlns="http://schemas.microsoft.com/developer/msbuild/2003">
  <ItemGroup>
    <Filter Include="Headers">
      <UniqueIdentifier>{bbd2b346-ca9e-40f8-a092-e07f848b463b}</UniqueIdentifier>
    </Filter>
  </ItemGroup>
  <ItemGroup>
    <ClInclude Include="acceleratedMotion.h">
      <Filter>Headers</Filter>
    </ClInclude>
    <ClInclude Include="Config.h">
      <Filter>Headers</Filter>
    </ClInclude>
    <ClInclude Include="Controller.h">
      <Filter>Headers</Filter>
    </ClInclude>
    <ClInclude Include="I2C_Adafruit_SSD1306.h">
      <Filter>Headers</Filter>
    </ClInclude>
    <ClInclude Include="LUTs.h">
      <Filter>Headers</Filter>
    </ClInclude>
    <ClInclude Include="main.h">
      <Filter>Headers</Filter>
    </ClInclude>
    <ClInclude Include="Map.h">
      <Filter>Headers</Filter>
    </ClInclude>
    <ClInclude Include="SPI_Adafruit_SSD1306.h">
      <Filter>Headers</Filter>
    </ClInclude>
    <ClInclude Include="Texture.h">
      <Filter>Headers</Filter>
    </ClInclude>
  </ItemGroup>
</Project>